
Microsoft Visual Studio Solution File, Format Version 12.00
# Visual Studio Version 17
VisualStudioVersion = 17.5.002.0
MinimumVisualStudioVersion = 10.0.40219.1
Project("{2150E333-8FDC-42A3-9474-1A3956D46DE8}") = "csharp-prep", "csharp-prep", "{4314334E-6E03-4F68-BF3C-E88A4E49D718}"
EndProject
Project("{9A19103F-16F7-4668-BE54-9A1E7A4F7556}") = "Prep1", "csharp-prep\Prep1\Prep1.csproj", "{4488E8B7-7D56-4E30-B447-28FEB8A9F8C5}"
EndProject
Project("{9A19103F-16F7-4668-BE54-9A1E7A4F7556}") = "Prep2", "csharp-prep\Prep2\Prep2.csproj", "{D3EB94D4-1C11-4184-A35C-A33F6DD1026E}"
EndProject
Project("{9A19103F-16F7-4668-BE54-9A1E7A4F7556}") = "Prep3", "csharp-prep\Prep3\Prep3.csproj", "{5A3560A9-34D6-455E-93F1-5DB6C635ED66}"
EndProject
Project("{9A19103F-16F7-4668-BE54-9A1E7A4F7556}") = "Prep4", "csharp-prep\Prep4\Prep4.csproj", "{8327CC20-47BB-4A62-BE3B-E6936F49D384}"
EndProject
Project("{9A19103F-16F7-4668-BE54-9A1E7A4F7556}") = "Prep5", "csharp-prep\Prep5\Prep5.csproj", "{AC6CAFB0-4785-4B10-99C4-B63EFD3FF290}"
EndProject
Project("{2150E333-8FDC-42A3-9474-1A3956D46DE8}") = "final", "final", "{F25D7176-ABE0-48C8-8021-276ABCBB1110}"
EndProject
Project("{9A19103F-16F7-4668-BE54-9A1E7A4F7556}") = "FinalProject", "final\FinalProject\FinalProject.csproj", "{0CB80BDE-56A9-4225-BF3D-9463F6510213}"
EndProject
Project("{9A19103F-16F7-4668-BE54-9A1E7A4F7556}") = "Foundation1", "final\Foundation1\Foundation1.csproj", "{6C03E2C0-47BF-4C2C-BDEE-F98046E47365}"
EndProject
Project("{9A19103F-16F7-4668-BE54-9A1E7A4F7556}") = "Foundation2", "final\Foundation2\Foundation2.csproj", "{BB2D805F-F471-467C-9986-B711C8F00E76}"
EndProject
Project("{9A19103F-16F7-4668-BE54-9A1E7A4F7556}") = "Foundation3", "final\Foundation3\Foundation3.csproj", "{126D35FA-4B4F-45D3-9ADF-7746B4B18150}"
EndProject
Project("{9A19103F-16F7-4668-BE54-9A1E7A4F7556}") = "Foundation4", "final\Foundation4\Foundation4.csproj", "{D8E5D169-D7DA-408E-AE97-7AEA5DF58153}"
EndProject
Project("{2150E333-8FDC-42A3-9474-1A3956D46DE8}") = "prepare", "prepare", "{B12A9067-1CE3-4FE9-8633-A49F513FFB4B}"
EndProject
Project("{9A19103F-16F7-4668-BE54-9A1E7A4F7556}") = "Learning02", "prepare\Learning02\Learning02.csproj", "{D372E819-DD1A-45C7-8F22-EC6AE8C3D027}"
EndProject
Project("{9A19103F-16F7-4668-BE54-9A1E7A4F7556}") = "Learning03", "prepare\Learning03\Learning03.csproj", "{FA9FDA91-161C-4942-9C06-E616A9151DAF}"
EndProject
Project("{9A19103F-16F7-4668-BE54-9A1E7A4F7556}") = "Learning04", "prepare\Learning04\Learning04.csproj", "{7598C165-C1DC-4434-B1D5-418139743CC3}"
EndProject
Project("{9A19103F-16F7-4668-BE54-9A1E7A4F7556}") = "Learning05", "prepare\Learning05\Learning05.csproj", "{CABA0390-25A2-43ED-BBEB-F285A0DF64F9}"
EndProject
Project("{2150E333-8FDC-42A3-9474-1A3956D46DE8}") = "prove", "prove", "{E2D39AF9-8B9D-48C4-87CB-284716D687DA}"
EndProject
Project("{9A19103F-16F7-4668-BE54-9A1E7A4F7556}") = "Develop02", "prove\Develop02\Develop02.csproj", "{6282C682-4CAE-4D1D-AD80-CAE10328A7F0}"
EndProject
Project("{9A19103F-16F7-4668-BE54-9A1E7A4F7556}") = "Develop03", "prove\Develop03\Develop03.csproj", "{76EE271F-5A2D-4E13-B469-02225F061F7E}"
EndProject
Project("{9A19103F-16F7-4668-BE54-9A1E7A4F7556}") = "Develop04", "prove\Develop04\Develop04.csproj", "{7719E616-D03D-4975-A187-036C68A630CE}"
EndProject
Project("{9A19103F-16F7-4668-BE54-9A1E7A4F7556}") = "Develop05", "prove\Develop05\Develop05.csproj", "{88C4819E-7D3D-415F-9586-D256674116CE}"
EndProject
Project("{2150E333-8FDC-42A3-9474-1A3956D46DE8}") = "sandbox", "sandbox", "{AB3D08A6-008A-4EF8-A0B9-C9B994153A33}"
EndProject
Project("{9A19103F-16F7-4668-BE54-9A1E7A4F7556}") = "Sandbox", "sandbox\Sandbox\Sandbox.csproj", "{3289F8E1-1000-433A-82F1-239DC9F71065}"
EndProject
Global
	GlobalSection(SolutionConfigurationPlatforms) = preSolution
		Debug|Any CPU = Debug|Any CPU
		Release|Any CPU = Release|Any CPU
	EndGlobalSection
	GlobalSection(ProjectConfigurationPlatforms) = postSolution
		{4488E8B7-7D56-4E30-B447-28FEB8A9F8C5}.Debug|Any CPU.ActiveCfg = Debug|Any CPU
		{4488E8B7-7D56-4E30-B447-28FEB8A9F8C5}.Debug|Any CPU.Build.0 = Debug|Any CPU
		{4488E8B7-7D56-4E30-B447-28FEB8A9F8C5}.Release|Any CPU.ActiveCfg = Release|Any CPU
		{4488E8B7-7D56-4E30-B447-28FEB8A9F8C5}.Release|Any CPU.Build.0 = Release|Any CPU
		{D3EB94D4-1C11-4184-A35C-A33F6DD1026E}.Debug|Any CPU.ActiveCfg = Debug|Any CPU
		{D3EB94D4-1C11-4184-A35C-A33F6DD1026E}.Debug|Any CPU.Build.0 = Debug|Any CPU
		{D3EB94D4-1C11-4184-A35C-A33F6DD1026E}.Release|Any CPU.ActiveCfg = Release|Any CPU
		{D3EB94D4-1C11-4184-A35C-A33F6DD1026E}.Release|Any CPU.Build.0 = Release|Any CPU
		{5A3560A9-34D6-455E-93F1-5DB6C635ED66}.Debug|Any CPU.ActiveCfg = Debug|Any CPU
		{5A3560A9-34D6-455E-93F1-5DB6C635ED66}.Debug|Any CPU.Build.0 = Debug|Any CPU
		{5A3560A9-34D6-455E-93F1-5DB6C635ED66}.Release|Any CPU.ActiveCfg = Release|Any CPU
		{5A3560A9-34D6-455E-93F1-5DB6C635ED66}.Release|Any CPU.Build.0 = Release|Any CPU
		{8327CC20-47BB-4A62-BE3B-E6936F49D384}.Debug|Any CPU.ActiveCfg = Debug|Any CPU
		{8327CC20-47BB-4A62-BE3B-E6936F49D384}.Debug|Any CPU.Build.0 = Debug|Any CPU
		{8327CC20-47BB-4A62-BE3B-E6936F49D384}.Release|Any CPU.ActiveCfg = Release|Any CPU
		{8327CC20-47BB-4A62-BE3B-E6936F49D384}.Release|Any CPU.Build.0 = Release|Any CPU
		{AC6CAFB0-4785-4B10-99C4-B63EFD3FF290}.Debug|Any CPU.ActiveCfg = Debug|Any CPU
		{AC6CAFB0-4785-4B10-99C4-B63EFD3FF290}.Debug|Any CPU.Build.0 = Debug|Any CPU
		{AC6CAFB0-4785-4B10-99C4-B63EFD3FF290}.Release|Any CPU.ActiveCfg = Release|Any CPU
		{AC6CAFB0-4785-4B10-99C4-B63EFD3FF290}.Release|Any CPU.Build.0 = Release|Any CPU
		{0CB80BDE-56A9-4225-BF3D-9463F6510213}.Debug|Any CPU.ActiveCfg = Debug|Any CPU
		{0CB80BDE-56A9-4225-BF3D-9463F6510213}.Debug|Any CPU.Build.0 = Debug|Any CPU
		{0CB80BDE-56A9-4225-BF3D-9463F6510213}.Release|Any CPU.ActiveCfg = Release|Any CPU
		{0CB80BDE-56A9-4225-BF3D-9463F6510213}.Release|Any CPU.Build.0 = Release|Any CPU
		{6C03E2C0-47BF-4C2C-BDEE-F98046E47365}.Debug|Any CPU.ActiveCfg = Debug|Any CPU
		{6C03E2C0-47BF-4C2C-BDEE-F98046E47365}.Debug|Any CPU.Build.0 = Debug|Any CPU
		{6C03E2C0-47BF-4C2C-BDEE-F98046E47365}.Release|Any CPU.ActiveCfg = Release|Any CPU
		{6C03E2C0-47BF-4C2C-BDEE-F98046E47365}.Release|Any CPU.Build.0 = Release|Any CPU
		{BB2D805F-F471-467C-9986-B711C8F00E76}.Debug|Any CPU.ActiveCfg = Debug|Any CPU
		{BB2D805F-F471-467C-9986-B711C8F00E76}.Debug|Any CPU.Build.0 = Debug|Any CPU
		{BB2D805F-F471-467C-9986-B711C8F00E76}.Release|Any CPU.ActiveCfg = Release|Any CPU
		{BB2D805F-F471-467C-9986-B711C8F00E76}.Release|Any CPU.Build.0 = Release|Any CPU
		{126D35FA-4B4F-45D3-9ADF-7746B4B18150}.Debug|Any CPU.ActiveCfg = Debug|Any CPU
		{126D35FA-4B4F-45D3-9ADF-7746B4B18150}.Debug|Any CPU.Build.0 = Debug|Any CPU
		{126D35FA-4B4F-45D3-9ADF-7746B4B18150}.Release|Any CPU.ActiveCfg = Release|Any CPU
		{126D35FA-4B4F-45D3-9ADF-7746B4B18150}.Release|Any CPU.Build.0 = Release|Any CPU
		{D8E5D169-D7DA-408E-AE97-7AEA5DF58153}.Debug|Any CPU.ActiveCfg = Debug|Any CPU
		{D8E5D169-D7DA-408E-AE97-7AEA5DF58153}.Debug|Any CPU.Build.0 = Debug|Any CPU
		{D8E5D169-D7DA-408E-AE97-7AEA5DF58153}.Release|Any CPU.ActiveCfg = Release|Any CPU
		{D8E5D169-D7DA-408E-AE97-7AEA5DF58153}.Release|Any CPU.Build.0 = Release|Any CPU
		{D372E819-DD1A-45C7-8F22-EC6AE8C3D027}.Debug|Any CPU.ActiveCfg = Debug|Any CPU
		{D372E819-DD1A-45C7-8F22-EC6AE8C3D027}.Debug|Any CPU.Build.0 = Debug|Any CPU
		{D372E819-DD1A-45C7-8F22-EC6AE8C3D027}.Release|Any CPU.ActiveCfg = Release|Any CPU
		{D372E819-DD1A-45C7-8F22-EC6AE8C3D027}.Release|Any CPU.Build.0 = Release|Any CPU
		{FA9FDA91-161C-4942-9C06-E616A9151DAF}.Debug|Any CPU.ActiveCfg = Debug|Any CPU
		{FA9FDA91-161C-4942-9C06-E616A9151DAF}.Debug|Any CPU.Build.0 = Debug|Any CPU
		{FA9FDA91-161C-4942-9C06-E616A9151DAF}.Release|Any CPU.ActiveCfg = Release|Any CPU
		{FA9FDA91-161C-4942-9C06-E616A9151DAF}.Release|Any CPU.Build.0 = Release|Any CPU
		{7598C165-C1DC-4434-B1D5-418139743CC3}.Debug|Any CPU.ActiveCfg = Debug|Any CPU
		{7598C165-C1DC-4434-B1D5-418139743CC3}.Debug|Any CPU.Build.0 = Debug|Any CPU
		{7598C165-C1DC-4434-B1D5-418139743CC3}.Release|Any CPU.ActiveCfg = Release|Any CPU
		{7598C165-C1DC-4434-B1D5-418139743CC3}.Release|Any CPU.Build.0 = Release|Any CPU
		{CABA0390-25A2-43ED-BBEB-F285A0DF64F9}.Debug|Any CPU.ActiveCfg = Debug|Any CPU
		{CABA0390-25A2-43ED-BBEB-F285A0DF64F9}.Debug|Any CPU.Build.0 = Debug|Any CPU
		{CABA0390-25A2-43ED-BBEB-F285A0DF64F9}.Release|Any CPU.ActiveCfg = Release|Any CPU
		{CABA0390-25A2-43ED-BBEB-F285A0DF64F9}.Release|Any CPU.Build.0 = Release|Any CPU
		{6282C682-4CAE-4D1D-AD80-CAE10328A7F0}.Debug|Any CPU.ActiveCfg = Debug|Any CPU
		{6282C682-4CAE-4D1D-AD80-CAE10328A7F0}.Debug|Any CPU.Build.0 = Debug|Any CPU
		{6282C682-4CAE-4D1D-AD80-CAE10328A7F0}.Release|Any CPU.ActiveCfg = Release|Any CPU
		{6282C682-4CAE-4D1D-AD80-CAE10328A7F0}.Release|Any CPU.Build.0 = Release|Any CPU
		{76EE271F-5A2D-4E13-B469-02225F061F7E}.Debug|Any CPU.ActiveCfg = Debug|Any CPU
		{76EE271F-5A2D-4E13-B469-02225F061F7E}.Debug|Any CPU.Build.0 = Debug|Any CPU
		{76EE271F-5A2D-4E13-B469-02225F061F7E}.Release|Any CPU.ActiveCfg = Release|Any CPU
		{76EE271F-5A2D-4E13-B469-02225F061F7E}.Release|Any CPU.Build.0 = Release|Any CPU
		{7719E616-D03D-4975-A187-036C68A630CE}.Debug|Any CPU.ActiveCfg = Debug|Any CPU
		{7719E616-D03D-4975-A187-036C68A630CE}.Debug|Any CPU.Build.0 = Debug|Any CPU
		{7719E616-D03D-4975-A187-036C68A630CE}.Release|Any CPU.ActiveCfg = Release|Any CPU
		{7719E616-D03D-4975-A187-036C68A630CE}.Release|Any CPU.Build.0 = Release|Any CPU
		{88C4819E-7D3D-415F-9586-D256674116CE}.Debug|Any CPU.ActiveCfg = Debug|Any CPU
		{88C4819E-7D3D-415F-9586-D256674116CE}.Debug|Any CPU.Build.0 = Debug|Any CPU
		{88C4819E-7D3D-415F-9586-D256674116CE}.Release|Any CPU.ActiveCfg = Release|Any CPU
		{88C4819E-7D3D-415F-9586-D256674116CE}.Release|Any CPU.Build.0 = Release|Any CPU
		{3289F8E1-1000-433A-82F1-239DC9F71065}.Debug|Any CPU.ActiveCfg = Debug|Any CPU
		{3289F8E1-1000-433A-82F1-239DC9F71065}.Debug|Any CPU.Build.0 = Debug|Any CPU
		{3289F8E1-1000-433A-82F1-239DC9F71065}.Release|Any CPU.ActiveCfg = Release|Any CPU
		{3289F8E1-1000-433A-82F1-239DC9F71065}.Release|Any CPU.Build.0 = Release|Any CPU
	EndGlobalSection
	GlobalSection(SolutionProperties) = preSolution
		HideSolutionNode = FALSE
	EndGlobalSection
	GlobalSection(NestedProjects) = preSolution
		{4488E8B7-7D56-4E30-B447-28FEB8A9F8C5} = {4314334E-6E03-4F68-BF3C-E88A4E49D718}
		{D3EB94D4-1C11-4184-A35C-A33F6DD1026E} = {4314334E-6E03-4F68-BF3C-E88A4E49D718}
		{5A3560A9-34D6-455E-93F1-5DB6C635ED66} = {4314334E-6E03-4F68-BF3C-E88A4E49D718}
		{8327CC20-47BB-4A62-BE3B-E6936F49D384} = {4314334E-6E03-4F68-BF3C-E88A4E49D718}
		{AC6CAFB0-4785-4B10-99C4-B63EFD3FF290} = {4314334E-6E03-4F68-BF3C-E88A4E49D718}
		{0CB80BDE-56A9-4225-BF3D-9463F6510213} = {F25D7176-ABE0-48C8-8021-276ABCBB1110}
		{6C03E2C0-47BF-4C2C-BDEE-F98046E47365} = {F25D7176-ABE0-48C8-8021-276ABCBB1110}
		{BB2D805F-F471-467C-9986-B711C8F00E76} = {F25D7176-ABE0-48C8-8021-276ABCBB1110}
		{126D35FA-4B4F-45D3-9ADF-7746B4B18150} = {F25D7176-ABE0-48C8-8021-276ABCBB1110}
		{D8E5D169-D7DA-408E-AE97-7AEA5DF58153} = {F25D7176-ABE0-48C8-8021-276ABCBB1110}
		{D372E819-DD1A-45C7-8F22-EC6AE8C3D027} = {B12A9067-1CE3-4FE9-8633-A49F513FFB4B}
		{FA9FDA91-161C-4942-9C06-E616A9151DAF} = {B12A9067-1CE3-4FE9-8633-A49F513FFB4B}
		{7598C165-C1DC-4434-B1D5-418139743CC3} = {B12A9067-1CE3-4FE9-8633-A49F513FFB4B}
		{CABA0390-25A2-43ED-BBEB-F285A0DF64F9} = {B12A9067-1CE3-4FE9-8633-A49F513FFB4B}
		{6282C682-4CAE-4D1D-AD80-CAE10328A7F0} = {E2D39AF9-8B9D-48C4-87CB-284716D687DA}
		{76EE271F-5A2D-4E13-B469-02225F061F7E} = {E2D39AF9-8B9D-48C4-87CB-284716D687DA}
		{7719E616-D03D-4975-A187-036C68A630CE} = {E2D39AF9-8B9D-48C4-87CB-284716D687DA}
		{88C4819E-7D3D-415F-9586-D256674116CE} = {E2D39AF9-8B9D-48C4-87CB-284716D687DA}
		{3289F8E1-1000-433A-82F1-239DC9F71065} = {AB3D08A6-008A-4EF8-A0B9-C9B994153A33}
	EndGlobalSection
	GlobalSection(ExtensibilityGlobals) = postSolution
		SolutionGuid = {046E3D8A-AA3F-4412-A63F-6AE5B2519BF2}
	EndGlobalSection
EndGlobal
